
Microsoft Visual Studio Solution File, Format Version 12.00
Project("{FAE04EC0-301F-11D3-BF4B-00C04F79EFBC}") = "Web", "Web\Web.csproj", "{8148F8F2-DFCA-4EA5-8418-FC4361EA3861}"
EndProject
Project("{2150E333-8FDC-42A3-9474-1A3956D46DE8}") = "src", "src", "{E0630F19-E8B0-4F44-8067-2B4CF0FACA0D}"
EndProject
Project("{2150E333-8FDC-42A3-9474-1A3956D46DE8}") = "tests", "tests", "{18010C03-0E0A-4901-A265-FBEDA06D1AFA}"
EndProject
Project("{FAE04EC0-301F-11D3-BF4B-00C04F79EFBC}") = "Sandbox", "Sandbox\Sandbox.csproj", "{9C85C168-1225-45C5-832A-BD2652D89DBE}"
EndProject
Project("{FAE04EC0-301F-11D3-BF4B-00C04F79EFBC}") = "Domain", "Domain\Domain.csproj", "{47C3F2BF-0902-4EF5-83D3-DD2274B28DC9}"
EndProject
Project("{FAE04EC0-301F-11D3-BF4B-00C04F79EFBC}") = "DataAccess", "DataAccess\DataAccess.csproj", "{10C77711-B28C-45E6-B8DD-AE5454E55290}"
EndProject
Project("{FAE04EC0-301F-11D3-BF4B-00C04F79EFBC}") = "Services", "Services\Services.csproj", "{CAB00D8B-8293-43AD-A22A-CAD543ED4518}"
EndProject
Project("{FAE04EC0-301F-11D3-BF4B-00C04F79EFBC}") = "Contract", "Contract\Contract.csproj", "{4CFA9F34-BFA3-4A2A-8E0C-260C46629790}"
EndProject
Project("{FAE04EC0-301F-11D3-BF4B-00C04F79EFBC}") = "Application", "Application\Application.csproj", "{D9A345D9-EF42-4CDE-8C20-A4FE65093AE4}"
EndProject
Project("{FAE04EC0-301F-11D3-BF4B-00C04F79EFBC}") = "Web.UnitTests", "Web.UnitTests\Web.UnitTests.csproj", "{D6033C93-05B2-4106-B040-0CA396611EC1}"
EndProject
Global
	GlobalSection(SolutionConfigurationPlatforms) = preSolution
		Debug|Any CPU = Debug|Any CPU
		Release|Any CPU = Release|Any CPU
	EndGlobalSection
	GlobalSection(ProjectConfigurationPlatforms) = postSolution
		{8148F8F2-DFCA-4EA5-8418-FC4361EA3861}.Debug|Any CPU.ActiveCfg = Debug|Any CPU
		{8148F8F2-DFCA-4EA5-8418-FC4361EA3861}.Debug|Any CPU.Build.0 = Debug|Any CPU
		{8148F8F2-DFCA-4EA5-8418-FC4361EA3861}.Release|Any CPU.ActiveCfg = Release|Any CPU
		{8148F8F2-DFCA-4EA5-8418-FC4361EA3861}.Release|Any CPU.Build.0 = Release|Any CPU
		{9C85C168-1225-45C5-832A-BD2652D89DBE}.Debug|Any CPU.ActiveCfg = Debug|Any CPU
		{9C85C168-1225-45C5-832A-BD2652D89DBE}.Debug|Any CPU.Build.0 = Debug|Any CPU
		{9C85C168-1225-45C5-832A-BD2652D89DBE}.Release|Any CPU.ActiveCfg = Release|Any CPU
		{9C85C168-1225-45C5-832A-BD2652D89DBE}.Release|Any CPU.Build.0 = Release|Any CPU
		{47C3F2BF-0902-4EF5-83D3-DD2274B28DC9}.Debug|Any CPU.ActiveCfg = Debug|Any CPU
		{47C3F2BF-0902-4EF5-83D3-DD2274B28DC9}.Debug|Any CPU.Build.0 = Debug|Any CPU
		{47C3F2BF-0902-4EF5-83D3-DD2274B28DC9}.Release|Any CPU.ActiveCfg = Release|Any CPU
		{47C3F2BF-0902-4EF5-83D3-DD2274B28DC9}.Release|Any CPU.Build.0 = Release|Any CPU
		{10C77711-B28C-45E6-B8DD-AE5454E55290}.Debug|Any CPU.ActiveCfg = Debug|Any CPU
		{10C77711-B28C-45E6-B8DD-AE5454E55290}.Debug|Any CPU.Build.0 = Debug|Any CPU
		{10C77711-B28C-45E6-B8DD-AE5454E55290}.Release|Any CPU.ActiveCfg = Release|Any CPU
		{10C77711-B28C-45E6-B8DD-AE5454E55290}.Release|Any CPU.Build.0 = Release|Any CPU
		{CAB00D8B-8293-43AD-A22A-CAD543ED4518}.Debug|Any CPU.ActiveCfg = Debug|Any CPU
		{CAB00D8B-8293-43AD-A22A-CAD543ED4518}.Debug|Any CPU.Build.0 = Debug|Any CPU
		{CAB00D8B-8293-43AD-A22A-CAD543ED4518}.Release|Any CPU.ActiveCfg = Release|Any CPU
		{CAB00D8B-8293-43AD-A22A-CAD543ED4518}.Release|Any CPU.Build.0 = Release|Any CPU
		{4CFA9F34-BFA3-4A2A-8E0C-260C46629790}.Debug|Any CPU.ActiveCfg = Debug|Any CPU
		{4CFA9F34-BFA3-4A2A-8E0C-260C46629790}.Debug|Any CPU.Build.0 = Debug|Any CPU
		{4CFA9F34-BFA3-4A2A-8E0C-260C46629790}.Release|Any CPU.ActiveCfg = Release|Any CPU
		{4CFA9F34-BFA3-4A2A-8E0C-260C46629790}.Release|Any CPU.Build.0 = Release|Any CPU
		{D9A345D9-EF42-4CDE-8C20-A4FE65093AE4}.Debug|Any CPU.ActiveCfg = Debug|Any CPU
		{D9A345D9-EF42-4CDE-8C20-A4FE65093AE4}.Debug|Any CPU.Build.0 = Debug|Any CPU
		{D9A345D9-EF42-4CDE-8C20-A4FE65093AE4}.Release|Any CPU.ActiveCfg = Release|Any CPU
		{D9A345D9-EF42-4CDE-8C20-A4FE65093AE4}.Release|Any CPU.Build.0 = Release|Any CPU
		{D6033C93-05B2-4106-B040-0CA396611EC1}.Debug|Any CPU.ActiveCfg = Debug|Any CPU
		{D6033C93-05B2-4106-B040-0CA396611EC1}.Debug|Any CPU.Build.0 = Debug|Any CPU
		{D6033C93-05B2-4106-B040-0CA396611EC1}.Release|Any CPU.ActiveCfg = Release|Any CPU
		{D6033C93-05B2-4106-B040-0CA396611EC1}.Release|Any CPU.Build.0 = Release|Any CPU
	EndGlobalSection
	GlobalSection(NestedProjects) = preSolution
		{8148F8F2-DFCA-4EA5-8418-FC4361EA3861} = {E0630F19-E8B0-4F44-8067-2B4CF0FACA0D}
		{9C85C168-1225-45C5-832A-BD2652D89DBE} = {18010C03-0E0A-4901-A265-FBEDA06D1AFA}
		{47C3F2BF-0902-4EF5-83D3-DD2274B28DC9} = {E0630F19-E8B0-4F44-8067-2B4CF0FACA0D}
		{10C77711-B28C-45E6-B8DD-AE5454E55290} = {E0630F19-E8B0-4F44-8067-2B4CF0FACA0D}
		{CAB00D8B-8293-43AD-A22A-CAD543ED4518} = {E0630F19-E8B0-4F44-8067-2B4CF0FACA0D}
		{4CFA9F34-BFA3-4A2A-8E0C-260C46629790} = {E0630F19-E8B0-4F44-8067-2B4CF0FACA0D}
		{D9A345D9-EF42-4CDE-8C20-A4FE65093AE4} = {E0630F19-E8B0-4F44-8067-2B4CF0FACA0D}
		{D6033C93-05B2-4106-B040-0CA396611EC1} = {18010C03-0E0A-4901-A265-FBEDA06D1AFA}
	EndGlobalSection
EndGlobal
